
Microsoft Visual Studio Solution File, Format Version 12.00
# Visual Studio Version 17
VisualStudioVersion = 17.7.34221.43
MinimumVisualStudioVersion = 10.0.40219.1
Project("{9A19103F-16F7-4668-BE54-9A1E7A4F7556}") = "API", "API\API.csproj", "{A7728E38-ADDA-4480-8673-9D022672F967}"
EndProject
Project("{9A19103F-16F7-4668-BE54-9A1E7A4F7556}") = "Application", "Application\Application.csproj", "{299D927D-D0BF-48AE-B377-B5CDD08F0D62}"
EndProject
Project("{9A19103F-16F7-4668-BE54-9A1E7A4F7556}") = "Domain", "Domain\Domain.csproj", "{7C961FA9-6789-4077-8010-D00EB8485D47}"
EndProject
Project("{9A19103F-16F7-4668-BE54-9A1E7A4F7556}") = "Infra", "Infra\Infra.csproj", "{60632890-E95B-4273-A3E1-A7E1869A3D2D}"
EndProject
Project("{9A19103F-16F7-4668-BE54-9A1E7A4F7556}") = "SharedKernel", "SharedKernel\SharedKernel.csproj", "{263C735A-6800-423B-96E0-E459C285414F}"
EndProject
Project("{FAE04EC0-301F-11D3-BF4B-00C04F79EFBC}") = "NFE", "NFE\NFE.csproj", "{259B2B6E-ADE2-4451-8A20-4834ABFA33DE}"
EndProject
Global
	GlobalSection(SolutionConfigurationPlatforms) = preSolution
		Debug|Any CPU = Debug|Any CPU
		Release|Any CPU = Release|Any CPU
	EndGlobalSection
	GlobalSection(ProjectConfigurationPlatforms) = postSolution
		{A7728E38-ADDA-4480-8673-9D022672F967}.Debug|Any CPU.ActiveCfg = Debug|Any CPU
		{A7728E38-ADDA-4480-8673-9D022672F967}.Debug|Any CPU.Build.0 = Debug|Any CPU
		{A7728E38-ADDA-4480-8673-9D022672F967}.Release|Any CPU.ActiveCfg = Release|Any CPU
		{A7728E38-ADDA-4480-8673-9D022672F967}.Release|Any CPU.Build.0 = Release|Any CPU
		{299D927D-D0BF-48AE-B377-B5CDD08F0D62}.Debug|Any CPU.ActiveCfg = Debug|Any CPU
		{299D927D-D0BF-48AE-B377-B5CDD08F0D62}.Debug|Any CPU.Build.0 = Debug|Any CPU
		{299D927D-D0BF-48AE-B377-B5CDD08F0D62}.Release|Any CPU.ActiveCfg = Release|Any CPU
		{299D927D-D0BF-48AE-B377-B5CDD08F0D62}.Release|Any CPU.Build.0 = Release|Any CPU
		{7C961FA9-6789-4077-8010-D00EB8485D47}.Debug|Any CPU.ActiveCfg = Debug|Any CPU
		{7C961FA9-6789-4077-8010-D00EB8485D47}.Debug|Any CPU.Build.0 = Debug|Any CPU
		{7C961FA9-6789-4077-8010-D00EB8485D47}.Release|Any CPU.ActiveCfg = Release|Any CPU
		{7C961FA9-6789-4077-8010-D00EB8485D47}.Release|Any CPU.Build.0 = Release|Any CPU
		{60632890-E95B-4273-A3E1-A7E1869A3D2D}.Debug|Any CPU.ActiveCfg = Debug|Any CPU
		{60632890-E95B-4273-A3E1-A7E1869A3D2D}.Debug|Any CPU.Build.0 = Debug|Any CPU
		{60632890-E95B-4273-A3E1-A7E1869A3D2D}.Release|Any CPU.ActiveCfg = Release|Any CPU
		{60632890-E95B-4273-A3E1-A7E1869A3D2D}.Release|Any CPU.Build.0 = Release|Any CPU
		{263C735A-6800-423B-96E0-E459C285414F}.Debug|Any CPU.ActiveCfg = Debug|Any CPU
		{263C735A-6800-423B-96E0-E459C285414F}.Debug|Any CPU.Build.0 = Debug|Any CPU
		{263C735A-6800-423B-96E0-E459C285414F}.Release|Any CPU.ActiveCfg = Release|Any CPU
		{263C735A-6800-423B-96E0-E459C285414F}.Release|Any CPU.Build.0 = Release|Any CPU
		{259B2B6E-ADE2-4451-8A20-4834ABFA33DE}.Debug|Any CPU.ActiveCfg = Debug|Any CPU
		{259B2B6E-ADE2-4451-8A20-4834ABFA33DE}.Debug|Any CPU.Build.0 = Debug|Any CPU
		{259B2B6E-ADE2-4451-8A20-4834ABFA33DE}.Release|Any CPU.ActiveCfg = Release|Any CPU
		{259B2B6E-ADE2-4451-8A20-4834ABFA33DE}.Release|Any CPU.Build.0 = Release|Any CPU
	EndGlobalSection
	GlobalSection(SolutionProperties) = preSolution
		HideSolutionNode = FALSE
	EndGlobalSection
	GlobalSection(ExtensibilityGlobals) = postSolution
		SolutionGuid = {916A2860-0FC5-459D-A00E-58EEBB231803}
	EndGlobalSection
EndGlobal
